lockfileVersion: 5.4

specifiers:
  '@aws-sdk/client-dynamodb': 3.188.0
  '@aws-sdk/client-lex-runtime-v2': 3.188.0
  '@aws-sdk/lib-dynamodb': 3.188.0
  '@aws-sdk/smithy-client': 3.188.0
  '@aws-sdk/types': 3.188.0
  '@types/aws-lambda': latest
  '@types/node': '18'
  typescript: latest

dependencies:
  '@aws-sdk/client-dynamodb': 3.188.0
  '@aws-sdk/client-lex-runtime-v2': 3.188.0
  '@aws-sdk/lib-dynamodb': 3.188.0_jyixz3swsnpbhcnpm7ueu44drm
  '@aws-sdk/smithy-client': 3.188.0
  '@aws-sdk/types': 3.188.0

devDependencies:
  '@types/aws-lambda': 8.10.111
  '@types/node': 18.14.2
  typescript: 4.9.5

packages:

  /@aws-crypto/crc32/2.0.0:
    resolution: {integrity: sha512-TvE1r2CUueyXOuHdEigYjIZVesInd9KN+K/TFFNfkkxRThiNxO6i4ZqqAVMoEjAamZZ1AA8WXJkjCz7YShHPQA==}
    dependencies:
      '@aws-crypto/util': 2.0.2
      '@aws-sdk/types': 3.188.0
      tslib: 1.14.1
    dev: false

  /@aws-crypto/ie11-detection/2.0.2:
    resolution: {integrity: sha512-5XDMQY98gMAf/WRTic5G++jfmS/VLM0rwpiOpaainKi4L0nqWMSB1SzsrEG5rjFZGYN6ZAefO+/Yta2dFM0kMw==}
    dependencies:
      tslib: 1.14.1
    dev: false

  /@aws-crypto/sha256-browser/2.0.0:
    resolution: {integrity: sha512-rYXOQ8BFOaqMEHJrLHul/25ckWH6GTJtdLSajhlqGMx0PmSueAuvboCuZCTqEKlxR8CQOwRarxYMZZSYlhRA1A==}
    dependencies:
      '@aws-crypto/ie11-detection': 2.0.2
      '@aws-crypto/sha256-js': 2.0.0
      '@aws-crypto/supports-web-crypto': 2.0.2
      '@aws-crypto/util': 2.0.2
      '@aws-sdk/types': 3.188.0
      '@aws-sdk/util-locate-window': 3.208.0
      '@aws-sdk/util-utf8-browser': 3.188.0
      tslib: 1.14.1
    dev: false

  /@aws-crypto/sha256-js/2.0.0:
    resolution: {integrity: sha512-VZY+mCY4Nmrs5WGfitmNqXzaE873fcIZDu54cbaDaaamsaTOP1DBImV9F4pICc3EHjQXujyE8jig+PFCaew9ig==}
    dependencies:
      '@aws-crypto/util': 2.0.2
      '@aws-sdk/types': 3.188.0
      tslib: 1.14.1
    dev: false

  /@aws-crypto/supports-web-crypto/2.0.2:
    resolution: {integrity: sha512-6mbSsLHwZ99CTOOswvCRP3C+VCWnzBf+1SnbWxzzJ9lR0mA0JnY2JEAhp8rqmTE0GPFy88rrM27ffgp62oErMQ==}
    dependencies:
      tslib: 1.14.1
    dev: false

  /@aws-crypto/util/2.0.2:
    resolution: {integrity: sha512-Lgu5v/0e/BcrZ5m/IWqzPUf3UYFTy/PpeED+uc9SWUR1iZQL8XXbGQg10UfllwwBryO3hFF5dizK+78aoXC1eA==}
    dependencies:
      '@aws-sdk/types': 3.188.0
      '@aws-sdk/util-utf8-browser': 3.188.0
      tslib: 1.14.1
    dev: false

  /@aws-sdk/abort-controller/3.188.0:
    resolution: {integrity: sha512-H6R99n5t6Ov/y1CSLnvab8g//0KmE/G4Qoh7634FGW0vZazx16YJcUkwKgb+U+Gsiv85zTus9sv0DzjEImztAw==}
    engines: {node: '>= 12.0.0'}
    dependencies:
      '@aws-sdk/types': 3.188.0
      tslib: 2.5.0
    dev: false

  /@aws-sdk/client-dynamodb/3.188.0:
    resolution: {integrity: sha512-0iqGJBbDqa9YZpxBqCxT8sV0tsLqSp9I2xOsttkYfTAOgzsOFbmf7vLfm2nWXAopyxQ4zK6hh4V0jIpVyEMiGw==}
    engines: {node: '>=12.0.0'}
    dependencies:
      '@aws-crypto/sha256-browser': 2.0.0
      '@aws-crypto/sha256-js': 2.0.0
      '@aws-sdk/client-sts': 3.188.0
      '@aws-sdk/config-resolver': 3.188.0
      '@aws-sdk/credential-provider-node': 3.188.0
      '@aws-sdk/fetch-http-handler': 3.188.0
      '@aws-sdk/hash-node': 3.188.0
      '@aws-sdk/invalid-dependency': 3.188.0
      '@aws-sdk/middleware-content-length': 3.188.0
      '@aws-sdk/middleware-endpoint-discovery': 3.188.0
      '@aws-sdk/middleware-host-header': 3.188.0
      '@aws-sdk/middleware-logger': 3.188.0
      '@aws-sdk/middleware-recursion-detection': 3.188.0
      '@aws-sdk/middleware-retry': 3.188.0
      '@aws-sdk/middleware-serde': 3.188.0
      '@aws-sdk/middleware-signing': 3.188.0
      '@aws-sdk/middleware-stack': 3.188.0
      '@aws-sdk/middleware-user-agent': 3.188.0
      '@aws-sdk/node-config-provider': 3.188.0
      '@aws-sdk/node-http-handler': 3.188.0
      '@aws-sdk/protocol-http': 3.188.0
      '@aws-sdk/smithy-client': 3.188.0
      '@aws-sdk/types': 3.188.0
      '@aws-sdk/url-parser': 3.188.0
      '@aws-sdk/util-base64-browser': 3.188.0
      '@aws-sdk/util-base64-node': 3.188.0
      '@aws-sdk/util-body-length-browser': 3.188.0
      '@aws-sdk/util-body-length-node': 3.188.0
      '@aws-sdk/util-defaults-mode-browser': 3.188.0
      '@aws-sdk/util-defaults-mode-node': 3.188.0
      '@aws-sdk/util-user-agent-browser': 3.188.0
      '@aws-sdk/util-user-agent-node': 3.188.0
      '@aws-sdk/util-utf8-browser': 3.188.0
      '@aws-sdk/util-utf8-node': 3.188.0
      '@aws-sdk/util-waiter': 3.188.0
      tslib: 2.5.0
      uuid: 8.3.2
    transitivePeerDependencies:
      - aws-crt
    dev: false

  /@aws-sdk/client-lex-runtime-v2/3.188.0:
    resolution: {integrity: sha512-OgVUCYni92xvr9DeOnO4eio9TaW/uiqQTHEpOHx0nBvS5eLGwB8z28f4gV8LypokBNAPEhM0+SOotCl7Gp11Fg==}
    engines: {node: '>=12.0.0'}
    dependencies:
      '@aws-crypto/sha256-browser': 2.0.0
      '@aws-crypto/sha256-js': 2.0.0
      '@aws-sdk/client-sts': 3.188.0
      '@aws-sdk/config-resolver': 3.188.0
      '@aws-sdk/credential-provider-node': 3.188.0
      '@aws-sdk/eventstream-handler-node': 3.188.0
      '@aws-sdk/eventstream-serde-browser': 3.188.0
      '@aws-sdk/eventstream-serde-config-resolver': 3.188.0
      '@aws-sdk/eventstream-serde-node': 3.188.0
      '@aws-sdk/fetch-http-handler': 3.188.0
      '@aws-sdk/hash-node': 3.188.0
      '@aws-sdk/invalid-dependency': 3.188.0
      '@aws-sdk/middleware-content-length': 3.188.0
      '@aws-sdk/middleware-eventstream': 3.188.0
      '@aws-sdk/middleware-host-header': 3.188.0
      '@aws-sdk/middleware-logger': 3.188.0
      '@aws-sdk/middleware-recursion-detection': 3.188.0
      '@aws-sdk/middleware-retry': 3.188.0
      '@aws-sdk/middleware-serde': 3.188.0
      '@aws-sdk/middleware-signing': 3.188.0
      '@aws-sdk/middleware-stack': 3.188.0
      '@aws-sdk/middleware-user-agent': 3.188.0
      '@aws-sdk/node-config-provider': 3.188.0
      '@aws-sdk/node-http-handler': 3.188.0
      '@aws-sdk/protocol-http': 3.188.0
      '@aws-sdk/smithy-client': 3.188.0
      '@aws-sdk/types': 3.188.0
      '@aws-sdk/url-parser': 3.188.0
      '@aws-sdk/util-base64-browser': 3.188.0
      '@aws-sdk/util-base64-node': 3.188.0
      '@aws-sdk/util-body-length-browser': 3.188.0
      '@aws-sdk/util-body-length-node': 3.188.0
      '@aws-sdk/util-defaults-mode-browser': 3.188.0
      '@aws-sdk/util-defaults-mode-node': 3.188.0
      '@aws-sdk/util-stream-browser': 3.188.0
      '@aws-sdk/util-stream-node': 3.188.0
      '@aws-sdk/util-user-agent-browser': 3.188.0
      '@aws-sdk/util-user-agent-node': 3.188.0
      '@aws-sdk/util-utf8-browser': 3.188.0
      '@aws-sdk/util-utf8-node': 3.188.0
      tslib: 2.5.0
    transitivePeerDependencies:
      - aws-crt
    dev: false

  /@aws-sdk/client-sso/3.188.0:
    resolution: {integrity: sha512-6josKD8aC6tAazXSpr3EJ9OhuD8l5RYSc+WmziD4fWh+TUha/ATHBBELSruKriyN9OQgFzXGg1mJkqTUpImyuw==}
    engines: {node: '>=12.0.0'}
    dependencies:
      '@aws-crypto/sha256-browser': 2.0.0
      '@aws-crypto/sha256-js': 2.0.0
      '@aws-sdk/config-resolver': 3.188.0
      '@aws-sdk/fetch-http-handler': 3.188.0
      '@aws-sdk/hash-node': 3.188.0
      '@aws-sdk/invalid-dependency': 3.188.0
      '@aws-sdk/middleware-content-length': 3.188.0
      '@aws-sdk/middleware-host-header': 3.188.0
      '@aws-sdk/middleware-logger': 3.188.0
      '@aws-sdk/middleware-recursion-detection': 3.188.0
      '@aws-sdk/middleware-retry': 3.188.0
      '@aws-sdk/middleware-serde': 3.188.0
      '@aws-sdk/middleware-stack': 3.188.0
      '@aws-sdk/middleware-user-agent': 3.188.0
      '@aws-sdk/node-config-provider': 3.188.0
      '@aws-sdk/node-http-handler': 3.188.0
      '@aws-sdk/protocol-http': 3.188.0
      '@aws-sdk/smithy-client': 3.188.0
      '@aws-sdk/types': 3.188.0
      '@aws-sdk/url-parser': 3.188.0
      '@aws-sdk/util-base64-browser': 3.188.0
      '@aws-sdk/util-base64-node': 3.188.0
      '@aws-sdk/util-body-length-browser': 3.188.0
      '@aws-sdk/util-body-length-node': 3.188.0
      '@aws-sdk/util-defaults-mode-browser': 3.188.0
      '@aws-sdk/util-defaults-mode-node': 3.188.0
      '@aws-sdk/util-user-agent-browser': 3.188.0
      '@aws-sdk/util-user-agent-node': 3.188.0
      '@aws-sdk/util-utf8-browser': 3.188.0
      '@aws-sdk/util-utf8-node': 3.188.0
      tslib: 2.5.0
    transitivePeerDependencies:
      - aws-crt
    dev: false

  /@aws-sdk/client-sts/3.188.0:
    resolution: {integrity: sha512-Zpy7iCLPLLP0ZykzRp/VK952xoKPv2NaZnqD0/h1zNp7H+ncaC/1IeWufTp/MQBRnlF2gZfof20GT2K2BGhQoA==}
    engines: {node: '>=12.0.0'}
    dependencies:
      '@aws-crypto/sha256-browser': 2.0.0
      '@aws-crypto/sha256-js': 2.0.0
      '@aws-sdk/config-resolver': 3.188.0
      '@aws-sdk/credential-provider-node': 3.188.0
      '@aws-sdk/fetch-http-handler': 3.188.0
      '@aws-sdk/hash-node': 3.188.0
      '@aws-sdk/invalid-dependency': 3.188.0
      '@aws-sdk/middleware-content-length': 3.188.0
      '@aws-sdk/middleware-host-header': 3.188.0
      '@aws-sdk/middleware-logger': 3.188.0
      '@aws-sdk/middleware-recursion-detection': 3.188.0
      '@aws-sdk/middleware-retry': 3.188.0
      '@aws-sdk/middleware-sdk-sts': 3.188.0
      '@aws-sdk/middleware-serde': 3.188.0
      '@aws-sdk/middleware-signing': 3.188.0
      '@aws-sdk/middleware-stack': 3.188.0
      '@aws-sdk/middleware-user-agent': 3.188.0
      '@aws-sdk/node-config-provider': 3.188.0
      '@aws-sdk/node-http-handler': 3.188.0
      '@aws-sdk/protocol-http': 3.188.0
      '@aws-sdk/smithy-client': 3.188.0
      '@aws-sdk/types': 3.188.0
      '@aws-sdk/url-parser': 3.188.0
      '@aws-sdk/util-base64-browser': 3.188.0
      '@aws-sdk/util-base64-node': 3.188.0
      '@aws-sdk/util-body-length-browser': 3.188.0
      '@aws-sdk/util-body-length-node': 3.188.0
      '@aws-sdk/util-defaults-mode-browser': 3.188.0
      '@aws-sdk/util-defaults-mode-node': 3.188.0
      '@aws-sdk/util-user-agent-browser': 3.188.0
      '@aws-sdk/util-user-agent-node': 3.188.0
      '@aws-sdk/util-utf8-browser': 3.188.0
      '@aws-sdk/util-utf8-node': 3.188.0
      fast-xml-parser: 4.0.11
      tslib: 2.5.0
    transitivePeerDependencies:
      - aws-crt
    dev: false

  /@aws-sdk/config-resolver/3.188.0:
    resolution: {integrity: sha512-p+izFghzVWKYy8bqZI65l5hok8Gi8zLM2aHtZoaK3meQJmoK7MNrICzZOaUZ+DcGH6zMItf3XFGhL0iw9PJHow==}
    engines: {node: '>= 12.0.0'}
    dependencies:
      '@aws-sdk/signature-v4': 3.188.0
      '@aws-sdk/types': 3.188.0
      '@aws-sdk/util-config-provider': 3.188.0
      '@aws-sdk/util-middleware': 3.188.0
      tslib: 2.5.0
    dev: false

  /@aws-sdk/credential-provider-env/3.188.0:
    resolution: {integrity: sha512-QOyUQ6B3EnO27HLqSvIewiMgytJmmIbEe1oj90j9oydjur9kdkf3WTrO4vJZD4U+3RJMDalXrJq/ZQQuSYN4Aw==}
    engines: {node: '>= 12.0.0'}
    dependencies:
      '@aws-sdk/property-provider': 3.188.0
      '@aws-sdk/types': 3.188.0
      tslib: 2.5.0
    dev: false

  /@aws-sdk/credential-provider-imds/3.188.0:
    resolution: {integrity: sha512-0JmQdIAtzx5GuR1tLh6Ii76wzRD7YjRhyfv15spGFzdvTngADbifvC5dl7wdfkzssefabOPSf9XPlhjpf07Nvg==}
    engines: {node: '>= 12.0.0'}
    dependencies:
      '@aws-sdk/node-config-provider': 3.188.0
      '@aws-sdk/property-provider': 3.188.0
      '@aws-sdk/types': 3.188.0
      '@aws-sdk/url-parser': 3.188.0
      tslib: 2.5.0
    dev: false

  /@aws-sdk/credential-provider-ini/3.188.0:
    resolution: {integrity: sha512-UYlUI6IxrNFqLaK5x3INM1/cn+U4SUDosT15l/5kcdGuZAIm3h6UpTOpt5t9gLQElaABOY+XXO0j0nPd+AB4Qw==}
    engines: {node: '>= 12.0.0'}
    dependencies:
      '@aws-sdk/credential-provider-env': 3.188.0
      '@aws-sdk/credential-provider-imds': 3.188.0
      '@aws-sdk/credential-provider-sso': 3.188.0
      '@aws-sdk/credential-provider-web-identity': 3.188.0
      '@aws-sdk/property-provider': 3.188.0
      '@aws-sdk/shared-ini-file-loader': 3.188.0
      '@aws-sdk/types': 3.188.0
      tslib: 2.5.0
    transitivePeerDependencies:
      - aws-crt
    dev: false

  /@aws-sdk/credential-provider-node/3.188.0:
    resolution: {integrity: sha512-5HKrMB7cPo4wvzyT6GlsQsvVjNH908+zROswj9j0mnUMBzyUIy8oWN8ZIwr4rDC/LW97TjImXDSexDHh/MVbvg==}
    engines: {node: '>=12.0.0'}
    dependencies:
      '@aws-sdk/credential-provider-env': 3.188.0
      '@aws-sdk/credential-provider-imds': 3.188.0
      '@aws-sdk/credential-provider-ini': 3.188.0
      '@aws-sdk/credential-provider-process': 3.188.0
      '@aws-sdk/credential-provider-sso': 3.188.0
      '@aws-sdk/credential-provider-web-identity': 3.188.0
      '@aws-sdk/property-provider': 3.188.0
      '@aws-sdk/shared-ini-file-loader': 3.188.0
      '@aws-sdk/types': 3.188.0
      tslib: 2.5.0
    transitivePeerDependencies:
      - aws-crt
    dev: false

  /@aws-sdk/credential-provider-process/3.188.0:
    resolution: {integrity: sha512-OegpAw6G5YKQvYnxiUQclvuzRNWwBAp+y8T2HUV7ogwkPjGIClqPgTZYqiPahEduGpP7M5myGmw+ePrbqtQlCA==}
    engines: {node: '>= 12.0.0'}
    dependencies:
      '@aws-sdk/property-provider': 3.188.0
      '@aws-sdk/shared-ini-file-loader': 3.188.0
      '@aws-sdk/types': 3.188.0
      tslib: 2.5.0
    dev: false

  /@aws-sdk/credential-provider-sso/3.188.0:
    resolution: {integrity: sha512-VViA2nKX2Rg5qXmkdViAALvWirjKFFRJ2YyrTJ/SYMUkEPQL8wkc1VXuK6x4Y125Yj6zdB8jXJPr5R2uGG5ukQ==}
    engines: {node: '>= 12.0.0'}
    dependencies:
      '@aws-sdk/client-sso': 3.188.0
      '@aws-sdk/property-provider': 3.188.0
      '@aws-sdk/shared-ini-file-loader': 3.188.0
      '@aws-sdk/types': 3.188.0
      tslib: 2.5.0
    transitivePeerDependencies:
      - aws-crt
    dev: false

  /@aws-sdk/credential-provider-web-identity/3.188.0:
    resolution: {integrity: sha512-J1izCsDW1IPSKRweWfs69NNTJBmygFfPiyKRdISiPDg4wIgt9rT1NrXNDo6x7JKCx5VeBMwN16fUXshIuPxIhA==}
    engines: {node: '>= 12.0.0'}
    dependencies:
      '@aws-sdk/property-provider': 3.188.0
      '@aws-sdk/types': 3.188.0
      tslib: 2.5.0
    dev: false

  /@aws-sdk/endpoint-cache/3.188.0:
    resolution: {integrity: sha512-kMnp8HUfHs8awQYVmxuq6SNRoEcGkUzaCdNLhP/ZFfW/Sd7pH2KuVHMhFqxTGcvWycYfzL4M2Japocfkaoyrtg==}
    engines: {node: '>= 12.0.0'}
    dependencies:
      mnemonist: 0.38.3
      tslib: 2.5.0
    dev: false

  /@aws-sdk/eventstream-codec/3.188.0:
    resolution: {integrity: sha512-HbVE06wmoP2p6GgamJDTPWhI9k2gFmwNzPh1OGBJxXZv9z9Dn3rY6i0EQ+gHJkB/C76CQ9Vl02WLvkDhrMyvYw==}
    dependencies:
      '@aws-crypto/crc32': 2.0.0
      '@aws-sdk/types': 3.188.0
      '@aws-sdk/util-hex-encoding': 3.188.0
      tslib: 2.5.0
    dev: false

  /@aws-sdk/eventstream-handler-node/3.188.0:
    resolution: {integrity: sha512-AUa9SrjHXUcIYUPBZli4oGZnTefUzlcCFjFXPdHX5iSRKgLu/mZUze8G48Qu5cPj9pNbXebQgmdrw+/BBiQHhg==}
    engines: {node: '>= 12.0.0'}
    dependencies:
      '@aws-sdk/eventstream-codec': 3.188.0
      '@aws-sdk/types': 3.188.0
      tslib: 2.5.0
    dev: false

  /@aws-sdk/eventstream-serde-browser/3.188.0:
    resolution: {integrity: sha512-wg+O3HVZoBrZrczSBtcTJ2hTdmD0UTut7qVw5tcFw+vBrS464eN3QUiHn6jjGETvhDsELRJLg2Zb0RqDfukRuw==}
    engines: {node: '>= 12.0.0'}
    dependencies:
      '@aws-sdk/eventstream-serde-universal': 3.188.0
      '@aws-sdk/types': 3.188.0
      tslib: 2.5.0
    dev: false

  /@aws-sdk/eventstream-serde-config-resolver/3.188.0:
    resolution: {integrity: sha512-zZNdy7+WBRdXWiYIMZpaHR/eRNL0GnFcmjEGJsd+02iH3g2KM0Oj9fjf2HKHrU6lO/ZB1zNRMaWQ/nf+zPsUeA==}
    engines: {node: '>= 12.0.0'}
    dependencies:
      '@aws-sdk/types': 3.188.0
      tslib: 2.5.0
    dev: false

  /@aws-sdk/eventstream-serde-node/3.188.0:
    resolution: {integrity: sha512-ScA41J027hNUQw+IPWk84GZMvPRrsa+dHZpw8aHpSmM8rPEgg0xa7X+E6veKNTihokT159QJzphle8MLLrCXTA==}
    engines: {node: '>= 12.0.0'}
    dependencies:
      '@aws-sdk/eventstream-serde-universal': 3.188.0
      '@aws-sdk/types': 3.188.0
      tslib: 2.5.0
    dev: false

  /@aws-sdk/eventstream-serde-universal/3.188.0:
    resolution: {integrity: sha512-yT9Xp3Gd5h/TBmBkb2rdk8HBUwYetv1idTnnGGvr9QdmBrHk7E2fC99qQfvFT7KS867P0XSqass7KJSGjYDctQ==}
    engines: {node: '>= 12.0.0'}
    dependencies:
      '@aws-sdk/eventstream-codec': 3.188.0
      '@aws-sdk/types': 3.188.0
      tslib: 2.5.0
    dev: false

  /@aws-sdk/fetch-http-handler/3.188.0:
    resolution: {integrity: sha512-+Mapt0fK766ngBPYKiD3Z74epWjrSUVgnyNeH+6Liyc/64D69gCaWCQ7fxNNnHs87Bq+rpuM008klAj4fK22pA==}
    dependencies:
      '@aws-sdk/protocol-http': 3.188.0
      '@aws-sdk/querystring-builder': 3.188.0
      '@aws-sdk/types': 3.188.0
      '@aws-sdk/util-base64-browser': 3.188.0
      tslib: 2.5.0
    dev: false

  /@aws-sdk/hash-node/3.188.0:
    resolution: {integrity: sha512-alqui1u6bQRigD4AyaT0KQK/8F0Gp7+hLmW+Z9eVuhjo4Fq+Mz0lnS5tNULqRUEpr8Kxdo8qw0c9Wc4absUKHw==}
    engines: {node: '>= 12.0.0'}
    dependencies:
      '@aws-sdk/types': 3.188.0
      '@aws-sdk/util-buffer-from': 3.188.0
      tslib: 2.5.0
    dev: false

  /@aws-sdk/invalid-dependency/3.188.0:
    resolution: {integrity: sha512-sc22A9z7GUSwF4ObQooMk9Y/Kw7w+0wPspy3VsF0cGtxz1EvA06hMIdhosTlKDje0ejrGmtFImeicU8QBBuezA==}
    dependencies:
      '@aws-sdk/types': 3.188.0
      tslib: 2.5.0
    dev: false

  /@aws-sdk/is-array-buffer/3.188.0:
    resolution: {integrity: sha512-n69N4zJZCNd87Rf4NzufPzhactUeM877Y0Tp/F3KiHqGeTnVjYUa4Lv1vLBjqtfjYb2HWT3NKlYn5yzrhaEwiQ==}
    engines: {node: '>= 12.0.0'}
    dependencies:
      tslib: 2.5.0
    dev: false

  /@aws-sdk/lib-dynamodb/3.188.0_jyixz3swsnpbhcnpm7ueu44drm:
    resolution: {integrity: sha512-vAZPqgVHlFo5NrN1Fc/31X/Wi+B7yoebEfDfnE6XVwTXbKsFRemwAbifyEgxTY/9c9M6HvYutYRc4rBPpO+UPw==}
    engines: {node: '>= 12.0.0'}
    peerDependencies:
      '@aws-sdk/client-dynamodb': ^3.0.0
      '@aws-sdk/smithy-client': ^3.0.0
      '@aws-sdk/types': ^3.0.0
    dependencies:
      '@aws-sdk/client-dynamodb': 3.188.0
      '@aws-sdk/smithy-client': 3.188.0
      '@aws-sdk/types': 3.188.0
      '@aws-sdk/util-dynamodb': 3.188.0
      tslib: 2.5.0
    dev: false

  /@aws-sdk/middleware-content-length/3.188.0:
    resolution: {integrity: sha512-YAvAq8s7GdC24xLLl4t97Teen8BKtWG5W9ygny2gYF1omXz8wWezNEvnDR6ppAUK4MCjdfEbptPf7DFClxmo4Q==}
    engines: {node: '>= 12.0.0'}
    dependencies:
      '@aws-sdk/protocol-http': 3.188.0
      '@aws-sdk/types': 3.188.0
      tslib: 2.5.0
    dev: false

  /@aws-sdk/middleware-endpoint-discovery/3.188.0:
    resolution: {integrity: sha512-+suR0Q+3+Hg9SeOCkBcfm1zMkr+DpLXPMKRy+4Bod9VOBj07X9XLlt62rVcWGGx0IEXTPxT+6W2JG4RXVSOzrA==}
    engines: {node: '>= 12.0.0'}
    dependencies:
      '@aws-sdk/config-resolver': 3.188.0
      '@aws-sdk/endpoint-cache': 3.188.0
      '@aws-sdk/protocol-http': 3.188.0
      '@aws-sdk/types': 3.188.0
      tslib: 2.5.0
    dev: false

  /@aws-sdk/middleware-eventstream/3.188.0:
    resolution: {integrity: sha512-W4O2wIrWDzMSEDoypgJuBt3S3eHmKpiUOMnmnttthvugzUxAtjl9FcENq4jwL79q6gLjpJMTWAPK98ptABoV7A==}
    engines: {node: '>= 12.0.0'}
    dependencies:
      '@aws-sdk/protocol-http': 3.188.0
      '@aws-sdk/types': 3.188.0
      tslib: 2.5.0
    dev: false

  /@aws-sdk/middleware-host-header/3.188.0:
    resolution: {integrity: sha512-kN2/nykNIYbGluNpgeYKEM0CUY8rGZJSLnBsvxMDjahZgK/9wu1EaOylgAEie/jS56Il1oAk3L2y1rQSMWHZMA==}
    engines: {node: '>= 12.0.0'}
    dependencies:
      '@aws-sdk/protocol-http': 3.188.0
      '@aws-sdk/types': 3.188.0
      tslib: 2.5.0
    dev: false

  /@aws-sdk/middleware-logger/3.188.0:
    resolution: {integrity: sha512-2607GbXHm/Dz3uKDbw3gzFBfVeVzGIt1++hv/hKe2LxYKN6f76zueU5RwJys19ZSZxKyrw/Ytn3vsYtZliJZxg==}
    engines: {node: '>= 12.0.0'}
    dependencies:
      '@aws-sdk/types': 3.188.0
      tslib: 2.5.0
    dev: false

  /@aws-sdk/middleware-recursion-detection/3.188.0:
    resolution: {integrity: sha512-28t88xlVkHUcmYfOieMqa4iOwaBREaSvA2GPS8Re/5IGBu8+Sb2kouYVlp3YP4thR8OfPyW8liDeUYy0A/aqFw==}
    engines: {node: '>= 12.0.0'}
    dependencies:
      '@aws-sdk/protocol-http': 3.188.0
      '@aws-sdk/types': 3.188.0
      tslib: 2.5.0
    dev: false

  /@aws-sdk/middleware-retry/3.188.0:
    resolution: {integrity: sha512-4haypZJyQj2r4R8rV4ERdnCiNY1ufro52fUwpvOESpZGDM0Kwu3TaGoKUgOIUi6MZSinHJ5eaqsgcsTlo3wzgg==}
    engines: {node: '>= 12.0.0'}
    dependencies:
      '@aws-sdk/protocol-http': 3.188.0
      '@aws-sdk/service-error-classification': 3.188.0
      '@aws-sdk/types': 3.188.0
      '@aws-sdk/util-middleware': 3.188.0
      tslib: 2.5.0
      uuid: 8.3.2
    dev: false

  /@aws-sdk/middleware-sdk-sts/3.188.0:
    resolution: {integrity: sha512-+16r+zZUQ3fe5FVz4AJ8C6XTt1JH4dqyzC0IkNUPAPQYwp7bp5k3AefnrqsaWvToQCCLH5V+ml6uaqEcmJHe0w==}
    engines: {node: '>= 12.0.0'}
    dependencies:
      '@aws-sdk/middleware-signing': 3.188.0
      '@aws-sdk/property-provider': 3.188.0
      '@aws-sdk/protocol-http': 3.188.0
      '@aws-sdk/signature-v4': 3.188.0
      '@aws-sdk/types': 3.188.0
      tslib: 2.5.0
    dev: false

  /@aws-sdk/middleware-serde/3.188.0:
    resolution: {integrity: sha512-+0dw3ZPDEBv/DqSX9MmLQ2lPvxrO761pJXgDssYNVMY7C+PLB5pU6vKwXbmYAXk/FRwYyRjfKOf2WEvRwen0uw==}
    engines: {node: '>= 12.0.0'}
    dependencies:
      '@aws-sdk/types': 3.188.0
      tslib: 2.5.0
    dev: false

  /@aws-sdk/middleware-signing/3.188.0:
    resolution: {integrity: sha512-zWCgKDknjg/wfJuqRCm37m2JXT3TFJyGpxxMwfG/V2qFc2pDlFOWKu9xeGksRl9tUuLRkecfZZ7asYWCDBzS8w==}
    engines: {node: '>= 12.0.0'}
    dependencies:
      '@aws-sdk/property-provider': 3.188.0
      '@aws-sdk/protocol-http': 3.188.0
      '@aws-sdk/signature-v4': 3.188.0
      '@aws-sdk/types': 3.188.0
      '@aws-sdk/util-middleware': 3.188.0
      tslib: 2.5.0
    dev: false

  /@aws-sdk/middleware-stack/3.188.0:
    resolution: {integrity: sha512-HuqP7hVnnx+aHfE6TutlMgjF0b2Ft08s9CDwyZ7ZhmYodQv/iPba7OGL4qz44oq7mdqlltN9sJkXczSAw0Zbaw==}
    engines: {node: '>= 12.0.0'}
    dependencies:
      tslib: 2.5.0
    dev: false

  /@aws-sdk/middleware-user-agent/3.188.0:
    resolution: {integrity: sha512-7+5lZ2bQWtLZ3YQvNrRRtzBTcVKSr1OBwoCm0+nu6dXbon7S2eeD74A6VzXfBDlhYJjNFa/iCch8TcszshkEzA==}
    engines: {node: '>= 12.0.0'}
    dependencies:
      '@aws-sdk/protocol-http': 3.188.0
      '@aws-sdk/types': 3.188.0
      tslib: 2.5.0
    dev: false

  /@aws-sdk/node-config-provider/3.188.0:
    resolution: {integrity: sha512-Oe9vDTyKAqSpYHLhuuwpIL73plkh5QlggYPL8qi8DmY5rbrwPOgRLD3R0u7PWwlXzHbGceN8bNT3tKrpADxlMQ==}
    engines: {node: '>= 12.0.0'}
    dependencies:
      '@aws-sdk/property-provider': 3.188.0
      '@aws-sdk/shared-ini-file-loader': 3.188.0
      '@aws-sdk/types': 3.188.0
      tslib: 2.5.0
    dev: false

  /@aws-sdk/node-http-handler/3.188.0:
    resolution: {integrity: sha512-2MlxskooHm1kSyWHJqj60Mx0CWaIBtXnslHK+cdSSOrmAIuHybBCWzRSQYDkR96MA4+S0MUVFn6jpKF2St104g==}
    engines: {node: '>= 12.0.0'}
    dependencies:
      '@aws-sdk/abort-controller': 3.188.0
      '@aws-sdk/protocol-http': 3.188.0
      '@aws-sdk/querystring-builder': 3.188.0
      '@aws-sdk/types': 3.188.0
      tslib: 2.5.0
    dev: false

  /@aws-sdk/property-provider/3.188.0:
    resolution: {integrity: sha512-uRxLfSlo9F8W+A73VnHbBiOwGqXo1sPem0v/53ap76Nvf0114BCEWTSfBByt+h/miUMazS7oI5Qeh41Ht3NiLA==}
    engines: {node: '>= 12.0.0'}
    dependencies:
      '@aws-sdk/types': 3.188.0
      tslib: 2.5.0
    dev: false

  /@aws-sdk/protocol-http/3.188.0:
    resolution: {integrity: sha512-9f5hTzcsQnl64HFUZsD61pT4kmAMgh7nYdPEUQcVmVy0X3rGsbf7CItjxp/tIG/OiJrsM7Rb6hM0gwZO4PHSdQ==}
    engines: {node: '>= 12.0.0'}
    dependencies:
      '@aws-sdk/types': 3.188.0
      tslib: 2.5.0
    dev: false

  /@aws-sdk/querystring-builder/3.188.0:
    resolution: {integrity: sha512-geECCF3Djo76dBly5gfm6Jo0R3/w7riXx8YNTps+H04FombWP9Dk7ZWa+EImXEpGaKq6/W8Emxduao9woT2H8A==}
    engines: {node: '>= 12.0.0'}
    dependencies:
      '@aws-sdk/types': 3.188.0
      '@aws-sdk/util-uri-escape': 3.188.0
      tslib: 2.5.0
    dev: false

  /@aws-sdk/querystring-parser/3.188.0:
    resolution: {integrity: sha512-QT6yLy0hVxOpCBENytwGj2d6V3NkltebCS+6aGPFzeduYuk+YxE1UkK41vhhhsCpJt5srW1zNDbaUzDRLMRGhQ==}
    engines: {node: '>= 12.0.0'}
    dependencies:
      '@aws-sdk/types': 3.188.0
      tslib: 2.5.0
    dev: false

  /@aws-sdk/service-error-classification/3.188.0:
    resolution: {integrity: sha512-hze+v3cCfNxk28X6viCr8fNkFRovnBwQmw2Ajyh+nzfmRP2tDK2TZThWwO13XFGtX2YQoy2/UFfOJqphMJsEUQ==}
    engines: {node: '>= 12.0.0'}
    dev: false

  /@aws-sdk/shared-ini-file-loader/3.188.0:
    resolution: {integrity: sha512-K0O56/ZN9Z9tbogvcgqJ1jdQ1qnH27/orfXMuduiaip2AXR4wWKmu1VfS91lQ18kaf+xU2zrS4ZioH956fXnfQ==}
    engines: {node: '>= 12.0.0'}
    dependencies:
      '@aws-sdk/types': 3.188.0
      tslib: 2.5.0
    dev: false

  /@aws-sdk/signature-v4/3.188.0:
    resolution: {integrity: sha512-YRyXFWfbblcOuMm/gcd1MGRFiwxrzaMfnZs8OAqtxLyA4b+fT59C7z2XTAHbjBcCrYEbDR9kF7yPkjn1uxDO8g==}
    engines: {node: '>= 12.0.0'}
    dependencies:
      '@aws-sdk/is-array-buffer': 3.188.0
      '@aws-sdk/types': 3.188.0
      '@aws-sdk/util-hex-encoding': 3.188.0
      '@aws-sdk/util-middleware': 3.188.0
      '@aws-sdk/util-uri-escape': 3.188.0
      tslib: 2.5.0
    dev: false

  /@aws-sdk/smithy-client/3.188.0:
    resolution: {integrity: sha512-heJ1/++zOTU64CxbIRNm3hQgA2muln/HSUz4fDP8T0O8DwJwi9glvJcuoU0yatdjUELMKXMzgzsZSV/+F5EZ6g==}
    engines: {node: '>= 12.0.0'}
    dependencies:
      '@aws-sdk/middleware-stack': 3.188.0
      '@aws-sdk/types': 3.188.0
      tslib: 2.5.0
    dev: false

  /@aws-sdk/types/3.188.0:
    resolution: {integrity: sha512-5z4ewjuRFPXYPCV3gaoHDCdjwrpBUs+12uZFBEbGE0S4UV+YrOPN5ehy+rpAGbhrsKYDxbAg9tHLkX4vRDFVgw==}
    engines: {node: '>= 12.0.0'}
    dev: false

  /@aws-sdk/url-parser/3.188.0:
    resolution: {integrity: sha512-KdLkmhuFOL7oPhkgVSIMBkaNXxwHqYsHmvZiGOFXT+q28u/Ho85i6ZqgY6FX+/6pfCiF12yDRTBNkqL6SnPwaQ==}
    dependencies:
      '@aws-sdk/querystring-parser': 3.188.0
      '@aws-sdk/types': 3.188.0
      tslib: 2.5.0
    dev: false

  /@aws-sdk/util-base64-browser/3.188.0:
    resolution: {integrity: sha512-qlH+5NZBLiyKziL335BEPedYxX6j+p7KFRWXvDQox9S+s+gLCayednpK+fteOhBenCcR9fUZOVuAPScy1I8qCg==}
    dependencies:
      tslib: 2.5.0
    dev: false

  /@aws-sdk/util-base64-node/3.188.0:
    resolution: {integrity: sha512-r1dccRsRjKq+OhVRUfqFiW3sGgZBjHbMeHLbrAs9jrOjU2PTQ8PSzAXLvX/9lmp7YjmX17Qvlsg0NCr1tbB9OA==}
    engines: {node: '>= 12.0.0'}
    dependencies:
      '@aws-sdk/util-buffer-from': 3.188.0
      tslib: 2.5.0
    dev: false

  /@aws-sdk/util-body-length-browser/3.188.0:
    resolution: {integrity: sha512-8VpnwFWXhnZ/iRSl9mTf+VKOX9wDE8QtN4bj9pBfxwf90H1X7E8T6NkiZD3k+HubYf2J94e7DbeHs7fuCPW5Qg==}
    dependencies:
      tslib: 2.5.0
    dev: false

  /@aws-sdk/util-body-length-node/3.188.0:
    resolution: {integrity: sha512-XwqP3vxk60MKp4YDdvDeCD6BPOiG2e+/Ou4AofZOy5/toB6NKz2pFNibQIUg2+jc7mPMnGnvOW3MQEgSJ+gu/Q==}
    engines: {node: '>= 12.0.0'}
    dependencies:
      tslib: 2.5.0
    dev: false

  /@aws-sdk/util-buffer-from/3.188.0:
    resolution: {integrity: sha512-NX1WXZ8TH20IZb4jPFT2CnLKSqZWddGxtfiWxD9M47YOtq/SSQeR82fhqqVjJn4P8w2F5E28f+Du4ntg/sGcxA==}
    engines: {node: '>= 12.0.0'}
    dependencies:
      '@aws-sdk/is-array-buffer': 3.188.0
      tslib: 2.5.0
    dev: false

  /@aws-sdk/util-config-provider/3.188.0:
    resolution: {integrity: sha512-LBA7tLbi7v4uvbOJhSnjJrxbcRifKK/1ZVK94JTV2MNSCCyNkFotyEI5UWDl10YKriTIUyf7o5cakpiDZ3O4xg==}
    engines: {node: '>= 12.0.0'}
    dependencies:
      tslib: 2.5.0
    dev: false

  /@aws-sdk/util-defaults-mode-browser/3.188.0:
    resolution: {integrity: sha512-exuym/vHTIn9kAIDgVFv/2WvCWuKu98DWPnGnG9Jm1pB1etNvD5xPHVTN8UIu0nQgWO0Mgq8Zv9rdlEerx/t4Q==}
    engines: {node: '>= 10.0.0'}
    dependencies:
      '@aws-sdk/property-provider': 3.188.0
      '@aws-sdk/types': 3.188.0
      bowser: 2.11.0
      tslib: 2.5.0
    dev: false

  /@aws-sdk/util-defaults-mode-node/3.188.0:
    resolution: {integrity: sha512-KE2y78qJ5wCiVf2YZVuD3CsrozhOeFeI816t0Kp0GN8q71TmyBK/FXR+3Uth6G5OCM6ytMCi6R7ZLJv1PqsQKQ==}
    engines: {node: '>= 10.0.0'}
    dependencies:
      '@aws-sdk/config-resolver': 3.188.0
      '@aws-sdk/credential-provider-imds': 3.188.0
      '@aws-sdk/node-config-provider': 3.188.0
      '@aws-sdk/property-provider': 3.188.0
      '@aws-sdk/types': 3.188.0
      tslib: 2.5.0
    dev: false

  /@aws-sdk/util-dynamodb/3.188.0:
    resolution: {integrity: sha512-8ciZKXNt209gM34eIzh5861jK2VFuFO9AkPkJVTifr43znvrNA4dabzi7hASF2+RMi+9eLeIDKHdMgFE3XOMOw==}
    engines: {node: '>= 12.0.0'}
    dependencies:
      tslib: 2.5.0
    dev: false

  /@aws-sdk/util-hex-encoding/3.188.0:
    resolution: {integrity: sha512-QyWovTtjQ2RYxqVM+STPh65owSqzuXURnfoof778spyX4iQ4z46wOge1YV2ZtwS8w5LWd9eeVvDrLu5POPYOnA==}
    engines: {node: '>= 12.0.0'}
    dependencies:
      tslib: 2.5.0
    dev: false

  /@aws-sdk/util-locate-window/3.208.0:
    resolution: {integrity: sha512-iua1A2+P7JJEDHVgvXrRJSvsnzG7stYSGQnBVphIUlemwl6nN5D+QrgbjECtrbxRz8asYFHSzhdhECqN+tFiBg==}
    engines: {node: '>=14.0.0'}
    dependencies:
      tslib: 2.5.0
    dev: false

  /@aws-sdk/util-middleware/3.188.0:
    resolution: {integrity: sha512-Rm2IFzr+b4M/N6aqYndqyCxnxlwtMMDtGU1uRxaOpVapskKpf8H0aF0U/FCN4t70x5HXql0l2Fv4d3CH9CRGig==}
    engines: {node: '>= 12.0.0'}
    dependencies:
      tslib: 2.5.0
    dev: false

  /@aws-sdk/util-stream-browser/3.188.0:
    resolution: {integrity: sha512-I47ZmH0j0UPm7Mr2rditYbeGbQyThDtw8+7VXh6thuAG/xgG2hn89eM3aBIyPecx2jy/UBs/OikDDWkBMEFu2A==}
    dependencies:
      '@aws-sdk/fetch-http-handler': 3.188.0
      '@aws-sdk/types': 3.188.0
      '@aws-sdk/util-base64-browser': 3.188.0
      '@aws-sdk/util-hex-encoding': 3.188.0
      '@aws-sdk/util-utf8-browser': 3.188.0
      tslib: 2.5.0
    dev: false

  /@aws-sdk/util-stream-node/3.188.0:
    resolution: {integrity: sha512-dzz1QJPL5jaKpNd+joPJz3Hl/aNqad3DA/0gLKcd1fHOR9wad+3sZy1lZMLrNuiixe+K/3GRggZjwUv4zPqriQ==}
    engines: {node: '>= 12.0.0'}
    dependencies:
      '@aws-sdk/node-http-handler': 3.188.0
      '@aws-sdk/types': 3.188.0
      '@aws-sdk/util-buffer-from': 3.188.0
      tslib: 2.5.0
    dev: false

  /@aws-sdk/util-uri-escape/3.188.0:
    resolution: {integrity: sha512-4Y6AYZMT483Tiuq8dxz5WHIiPNdSFPGrl6tRTo2Oi2FcwypwmFhqgEGcqxeXDUJktvaCBxeA08DLr/AemVhPCg==}
    engines: {node: '>= 12.0.0'}
    dependencies:
      tslib: 2.5.0
    dev: false

  /@aws-sdk/util-user-agent-browser/3.188.0:
    resolution: {integrity: sha512-kgOey8X4fbHw0XHVur2gdA2ADyIIzbk6wZtu+X4M1ekxhBNb7taTNO5sa5s1mLId9/tQ+DwLyPQFtZczlAaqLg==}
    dependencies:
      '@aws-sdk/types': 3.188.0
      bowser: 2.11.0
      tslib: 2.5.0
    dev: false

  /@aws-sdk/util-user-agent-node/3.188.0:
    resolution: {integrity: sha512-apIuMf+VMODmt2HWIt8Ywlk30KajaHJiSvssvyZvRXrprV8ic9Pb+1/AKh0D7XBaJq5HwXFCRwG5P4ryr37Yfg==}
    engines: {node: '>= 12.0.0'}
    peerDependencies:
      aws-crt: '>=1.0.0'
    peerDependenciesMeta:
      aws-crt:
        optional: true
    dependencies:
      '@aws-sdk/node-config-provider': 3.188.0
      '@aws-sdk/types': 3.188.0
      tslib: 2.5.0
    dev: false

  /@aws-sdk/util-utf8-browser/3.188.0:
    resolution: {integrity: sha512-jt627x0+jE+Ydr9NwkFstg3cUvgWh56qdaqAMDsqgRlKD21md/6G226z/Qxl7lb1VEW2LlmCx43ai/37Qwcj2Q==}
    dependencies:
      tslib: 2.5.0
    dev: false

  /@aws-sdk/util-utf8-node/3.188.0:
    resolution: {integrity: sha512-hCgP4+C0Lekjpjt2zFJ2R/iHes5sBGljXa5bScOFAEkRUc0Qw0VNgTv7LpEbIOAwGmqyxBoCwBW0YHPW1DfmYQ==}
    engines: {node: '>= 12.0.0'}
    dependencies:
      '@aws-sdk/util-buffer-from': 3.188.0
      tslib: 2.5.0
    dev: false

  /@aws-sdk/util-waiter/3.188.0:
    resolution: {integrity: sha512-Vw+lMqvwfPOz3/eB8Dqq1VgmeU398dGxWJROJk6yOpBb5BZcvw/8woj8NWZiKxe2gNmVPdrgVSiE+lx3twMF6g==}
    engines: {node: '>= 12.0.0'}
    dependencies:
      '@aws-sdk/abort-controller': 3.188.0
      '@aws-sdk/types': 3.188.0
      tslib: 2.5.0
    dev: false

  /@types/aws-lambda/8.10.111:
    resolution: {integrity: sha512-8HR9UjIKmoemEzE2BviVtFkeenxfbizSu8raFjnT2VXxguZZ2JTlNww7INOH7IA0J/zRa3TjOftkYq6hVNkxDA==}
    dev: true

  /@types/node/18.14.2:
    resolution: {integrity: sha512-1uEQxww3DaghA0RxqHx0O0ppVlo43pJhepY51OxuQIKHpjbnYLA7vcdwioNPzIqmC2u3I/dmylcqjlh0e7AyUA==}
    dev: true

  /bowser/2.11.0:
    resolution: {integrity: sha512-AlcaJBi/pqqJBIQ8U9Mcpc9i8Aqxn88Skv5d+xBX006BY5u8N3mGLHa5Lgppa7L/HfwgwLgZ6NYs+Ag6uUmJRA==}
    dev: false

  /fast-xml-parser/4.0.11:
    resolution: {integrity: sha512-4aUg3aNRR/WjQAcpceODG1C3x3lFANXRo8+1biqfieHmg9pyMt7qB4lQV/Ta6sJCTbA5vfD8fnA8S54JATiFUA==}
    hasBin: true
    dependencies:
      strnum: 1.0.5
    dev: false

  /mnemonist/0.38.3:
    resolution: {integrity: sha512-2K9QYubXx/NAjv4VLq1d1Ly8pWNC5L3BrixtdkyTegXWJIqY+zLNDhhX/A+ZwWt70tB1S8H4BE8FLYEFyNoOBw==}
    dependencies:
      obliterator: 1.6.1
    dev: false

  /obliterator/1.6.1:
    resolution: {integrity: sha512-9WXswnqINnnhOG/5SLimUlzuU1hFJUc8zkwyD59Sd+dPOMf05PmnYG/d6Q7HZ+KmgkZJa1PxRso6QdM3sTNHig==}
    dev: false

  /strnum/1.0.5:
    resolution: {integrity: sha512-J8bbNyKKXl5qYcR36TIO8W3mVGVHrmmxsd5PAItGkmyzwJvybiw2IVq5nqd0i4LSNSkB/sx9VHllbfFdr9k1JA==}
    dev: false

  /tslib/1.14.1:
    resolution: {integrity: sha512-Xni35NKzjgMrwevysHTCArtLDpPvye8zV/0E4EyYn43P7/7qvQwPh9BGkHewbMulVntbigmcT7rdX3BNo9wRJg==}
    dev: false

  /tslib/2.5.0:
    resolution: {integrity: sha512-336iVw3rtn2BUK7ORdIAHTyxHGRIHVReokCR3XjbckJMK7ms8FysBfhLR8IXnAgy7T0PTPNBWKiH514FOW/WSg==}
    dev: false

  /typescript/4.9.5:
    resolution: {integrity: sha512-1FXk9E2Hm+QzZQ7z+McJiHL4NW1F2EzMu9Nq9i3zAaGqibafqYwCVU6WyWAuyQRRzOlxou8xZSyXLEN8oKj24g==}
    engines: {node: '>=4.2.0'}
    hasBin: true
    dev: true

  /uuid/8.3.2:
    resolution: {integrity: sha512-+NYs2QeMWy+GWFOEm9xnn6HCDp0l7QBD7ml8zLUmJ+93Q5NF0NocErnwkTkXVFNiX3/fpC6afS8Dhb/gz7R7eg==}
    hasBin: true
    dev: false
